
Microsoft Visual Studio Solution File, Format Version 12.00
# Visual Studio Version 17
VisualStudioVersion = 17.2.32516.85
MinimumVisualStudioVersion = 10.0.40219.1
Project("{FAE04EC0-301F-11D3-BF4B-00C04F79EFBC}") = "CSM.v1.1", "CSM.v1.1\CSM.v1.1.csproj", "{84C8CBCF-47C4-4DB7-ACFE-578BE5EC4DB0}"
EndProject
Global
	GlobalSection(SolutionConfigurationPlatforms) = preSolution
		Debug|Any CPU = Debug|Any CPU
		Release|Any CPU = Release|Any CPU
	EndGlobalSection
	GlobalSection(ProjectConfigurationPlatforms) = postSolution
		{84C8CBCF-47C4-4DB7-ACFE-578BE5EC4DB0}.Debug|Any CPU.ActiveCfg = Debug|Any CPU
		{84C8CBCF-47C4-4DB7-ACFE-578BE5EC4DB0}.Debug|Any CPU.Build.0 = Debug|Any CPU
		{84C8CBCF-47C4-4DB7-ACFE-578BE5EC4DB0}.Release|Any CPU.ActiveCfg = Release|Any CPU
		{84C8CBCF-47C4-4DB7-ACFE-578BE5EC4DB0}.Release|Any CPU.Build.0 = Release|Any CPU
	EndGlobalSection
	GlobalSection(SolutionProperties) = preSolution
		HideSolutionNode = FALSE
	EndGlobalSection
	GlobalSection(ExtensibilityGlobals) = postSolution
		SolutionGuid = {6053C521-5CA2-4C18-9A1A-39656F888418}
	EndGlobalSection
EndGlobal
